
Microsoft Visual Studio Solution File, Format Version 12.00
# Visual Studio Version 17
VisualStudioVersion = 17.5.002.0
MinimumVisualStudioVersion = 10.0.40219.1
Project("{9A19103F-16F7-4668-BE54-9A1E7A4F7556}") = "Backend", "Backend.csproj", "{29683C3D-E982-415D-8F89-A7DDDACCCAB5}"
EndProject
Global
	GlobalSection(SolutionConfigurationPlatforms) = preSolution
		Debug|Any CPU = Debug|Any CPU
		Release|Any CPU = Release|Any CPU
	EndGlobalSection
	GlobalSection(ProjectConfigurationPlatforms) = postSolution
		{29683C3D-E982-415D-8F89-A7DDDACCCAB5}.Debug|Any CPU.ActiveCfg = Debug|Any CPU
		{29683C3D-E982-415D-8F89-A7DDDACCCAB5}.Debug|Any CPU.Build.0 = Debug|Any CPU
		{29683C3D-E982-415D-8F89-A7DDDACCCAB5}.Release|Any CPU.ActiveCfg = Release|Any CPU
		{29683C3D-E982-415D-8F89-A7DDDACCCAB5}.Release|Any CPU.Build.0 = Release|Any CPU
	EndGlobalSection
	GlobalSection(SolutionProperties) = preSolution
		HideSolutionNode = FALSE
	EndGlobalSection
	GlobalSection(ExtensibilityGlobals) = postSolution
		SolutionGuid = {B2CF820F-00D6-4248-8ABF-52BD6ED86C3B}
	EndGlobalSection
EndGlobal
